
Microsoft Visual Studio Solution File, Format Version 12.00
# Visual Studio Version 17
VisualStudioVersion = 17.7.34202.233
MinimumVisualStudioVersion = 10.0.40219.1
Project("{FAE04EC0-301F-11D3-BF4B-00C04F79EFBC}") = "1v1.lol cheat", "1v1.lol cheat\1v1.lol cheat.csproj", "{34A25C04-C085-4FB2-BB21-66401E668575}"
EndProject
Global
	GlobalSection(SolutionConfigurationPlatforms) = preSolution
		Debug|Any CPU = Debug|Any CPU
		Release|Any CPU = Release|Any CPU
	EndGlobalSection
	GlobalSection(ProjectConfigurationPlatforms) = postSolution
		{34A25C04-C085-4FB2-BB21-66401E668575}.Debug|Any CPU.ActiveCfg = Debug|Any CPU
		{34A25C04-C085-4FB2-BB21-66401E668575}.Debug|Any CPU.Build.0 = Debug|Any CPU
		{34A25C04-C085-4FB2-BB21-66401E668575}.Release|Any CPU.ActiveCfg = Release|Any CPU
		{34A25C04-C085-4FB2-BB21-66401E668575}.Release|Any CPU.Build.0 = Release|Any CPU
	EndGlobalSection
	GlobalSection(SolutionProperties) = preSolution
		HideSolutionNode = FALSE
	EndGlobalSection
	GlobalSection(ExtensibilityGlobals) = postSolution
		SolutionGuid = {9954A2A0-740F-4304-BDE3-A19CAC25C61C}
	EndGlobalSection
EndGlobal
